Microsoft Visual Studio Solution File, Format Version 12.00
# Visual Studio 15
VisualStudioVersion = 15.0.27130.2003
MinimumVisualStudioVersion = 10.0.40219.1
Project("{2150E333-8FDC-42A3-9474-1A3956D46DE8}") = "Tests", "Tests", "{34E51A34-5B8D-4520-BEDB-B27A38BBD2ED}"
EndProject
Project("{2150E333-8FDC-42A3-9474-1A3956D46DE8}") = "src", "src", "{29D88D05-95CB-406E-90A7-9D0A8AD17F3B}"
EndProject
Project("{2150E333-8FDC-42A3-9474-1A3956D46DE8}") = "UnitTests", "UnitTests", "{BDFA2838-95C0-476C-9729-222BAE3A7C39}"
EndProject
Project("{9A19103F-16F7-4668-BE54-9A1E7A4F7556}") = "CollegeUni.Api", "src\CollegeUni.Api\CollegeUni.Api.csproj", "{3C48AAEE-0D3C-4C31-A576-73D8DBF2DED9}"
EndProject
Project("{9A19103F-16F7-4668-BE54-9A1E7A4F7556}") = "CollegeUni.Data", "src\CollegeUni.Data\CollegeUni.Data.csproj", "{4BCAD1B6-03E8-46E2-B656-5BA7CFBD5D4F}"
	ProjectSection(ProjectDependencies) = postProject
		{B373AF5B-9BD6-40D8-8124-45A234EBA66B} = {B373AF5B-9BD6-40D8-8124-45A234EBA66B}
	EndProjectSection
EndProject
Project("{9A19103F-16F7-4668-BE54-9A1E7A4F7556}") = "CollegeUni.Utilities", "src\CollegeUni.Utilities\CollegeUni.Utilities.csproj", "{B373AF5B-9BD6-40D8-8124-45A234EBA66B}"
EndProject
Project("{9A19103F-16F7-4668-BE54-9A1E7A4F7556}") = "CollegeUni.Api.Test", "test\UnitTests\CollegeUni.Api.Test\CollegeUni.Api.Test.csproj", "{81E4325C-1420-45E5-A05C-9AA0347425EC}"
EndProject
Project("{9A19103F-16F7-4668-BE54-9A1E7A4F7556}") = "CollegeUni.Test.Core", "test\UnitTests\CollegeUni.Test.Core\CollegeUni.Test.Core.csproj", "{D72DB7DA-DA56-4A70-A5FE-2131E120A7D8}"
EndProject
Project("{FAE04EC0-301F-11D3-BF4B-00C04F79EFBC}") = "CollegeUni.Services", "CollegeUni.Services\CollegeUni.Services.csproj", "{AF81F9FE-F8FA-4F0A-BD59-E99EF68A221C}"
	ProjectSection(ProjectDependencies) = postProject
		{B373AF5B-9BD6-40D8-8124-45A234EBA66B} = {B373AF5B-9BD6-40D8-8124-45A234EBA66B}
		{4BCAD1B6-03E8-46E2-B656-5BA7CFBD5D4F} = {4BCAD1B6-03E8-46E2-B656-5BA7CFBD5D4F}
	EndProjectSection
EndProject
Global
	GlobalSection(SolutionConfigurationPlatforms) = preSolution
		Debug|Any CPU = Debug|Any CPU
		Release|Any CPU = Release|Any CPU
	EndGlobalSection
	GlobalSection(ProjectConfigurationPlatforms) = postSolution
		{3C48AAEE-0D3C-4C31-A576-73D8DBF2DED9}.Debug|Any CPU.ActiveCfg = Debug|Any CPU
		{3C48AAEE-0D3C-4C31-A576-73D8DBF2DED9}.Debug|Any CPU.Build.0 = Debug|Any CPU
		{3C48AAEE-0D3C-4C31-A576-73D8DBF2DED9}.Release|Any CPU.ActiveCfg = Release|Any CPU
		{3C48AAEE-0D3C-4C31-A576-73D8DBF2DED9}.Release|Any CPU.Build.0 = Release|Any CPU
		{4BCAD1B6-03E8-46E2-B656-5BA7CFBD5D4F}.Debug|Any CPU.ActiveCfg = Debug|Any CPU
		{4BCAD1B6-03E8-46E2-B656-5BA7CFBD5D4F}.Debug|Any CPU.Build.0 = Debug|Any CPU
		{4BCAD1B6-03E8-46E2-B656-5BA7CFBD5D4F}.Release|Any CPU.ActiveCfg = Release|Any CPU
		{4BCAD1B6-03E8-46E2-B656-5BA7CFBD5D4F}.Release|Any CPU.Build.0 = Release|Any CPU
		{B373AF5B-9BD6-40D8-8124-45A234EBA66B}.Debug|Any CPU.ActiveCfg = Debug|Any CPU
		{B373AF5B-9BD6-40D8-8124-45A234EBA66B}.Debug|Any CPU.Build.0 = Debug|Any CPU
		{B373AF5B-9BD6-40D8-8124-45A234EBA66B}.Release|Any CPU.ActiveCfg = Release|Any CPU
		{B373AF5B-9BD6-40D8-8124-45A234EBA66B}.Release|Any CPU.Build.0 = Release|Any CPU
		{81E4325C-1420-45E5-A05C-9AA0347425EC}.Debug|Any CPU.ActiveCfg = Debug|Any CPU
		{81E4325C-1420-45E5-A05C-9AA0347425EC}.Debug|Any CPU.Build.0 = Debug|Any CPU
		{81E4325C-1420-45E5-A05C-9AA0347425EC}.Release|Any CPU.ActiveCfg = Release|Any CPU
		{81E4325C-1420-45E5-A05C-9AA0347425EC}.Release|Any CPU.Build.0 = Release|Any CPU
		{D72DB7DA-DA56-4A70-A5FE-2131E120A7D8}.Debug|Any CPU.ActiveCfg = Debug|Any CPU
		{D72DB7DA-DA56-4A70-A5FE-2131E120A7D8}.Debug|Any CPU.Build.0 = Debug|Any CPU
		{D72DB7DA-DA56-4A70-A5FE-2131E120A7D8}.Release|Any CPU.ActiveCfg = Release|Any CPU
		{D72DB7DA-DA56-4A70-A5FE-2131E120A7D8}.Release|Any CPU.Build.0 = Release|Any CPU
		{AF81F9FE-F8FA-4F0A-BD59-E99EF68A221C}.Debug|Any CPU.ActiveCfg = Debug|Any CPU
		{AF81F9FE-F8FA-4F0A-BD59-E99EF68A221C}.Debug|Any CPU.Build.0 = Debug|Any CPU
		{AF81F9FE-F8FA-4F0A-BD59-E99EF68A221C}.Release|Any CPU.ActiveCfg = Release|Any CPU
		{AF81F9FE-F8FA-4F0A-BD59-E99EF68A221C}.Release|Any CPU.Build.0 = Release|Any CPU
	EndGlobalSection
	GlobalSection(SolutionProperties) = preSolution
		HideSolutionNode = FALSE
	EndGlobalSection
	GlobalSection(NestedProjects) = preSolution
		{BDFA2838-95C0-476C-9729-222BAE3A7C39} = {34E51A34-5B8D-4520-BEDB-B27A38BBD2ED}
		{3C48AAEE-0D3C-4C31-A576-73D8DBF2DED9} = {29D88D05-95CB-406E-90A7-9D0A8AD17F3B}
		{4BCAD1B6-03E8-46E2-B656-5BA7CFBD5D4F} = {29D88D05-95CB-406E-90A7-9D0A8AD17F3B}
		{B373AF5B-9BD6-40D8-8124-45A234EBA66B} = {29D88D05-95CB-406E-90A7-9D0A8AD17F3B}
		{81E4325C-1420-45E5-A05C-9AA0347425EC} = {BDFA2838-95C0-476C-9729-222BAE3A7C39}
		{D72DB7DA-DA56-4A70-A5FE-2131E120A7D8} = {BDFA2838-95C0-476C-9729-222BAE3A7C39}
		{AF81F9FE-F8FA-4F0A-BD59-E99EF68A221C} = {29D88D05-95CB-406E-90A7-9D0A8AD17F3B}
	EndGlobalSection
	GlobalSection(ExtensibilityGlobals) = postSolution
		SolutionGuid = {FFA84847-3AA9-40E6-9EE7-6A36391D3450}
	EndGlobalSection
EndGlobal
