
Microsoft Visual Studio Solution File, Format Version 12.00
# Visual Studio 15
VisualStudioVersion = 15.0.26730.15
MinimumVisualStudioVersion = 10.0.40219.1
Project("{9A19103F-16F7-4668-BE54-9A1E7A4F7556}") = "CollegeUni.Api", "CollegeUni.Api\CollegeUni.Api.csproj", "{259B0176-DEE9-49CE-B549-FAC784BC84E1}"
	ProjectSection(ProjectDependencies) = postProject
		{09F42710-9CCA-40E6-873B-6AE594C96E00} = {09F42710-9CCA-40E6-873B-6AE594C96E00}
		{3EE487DF-AE7A-41C8-86B2-13A401B5ADD0} = {3EE487DF-AE7A-41C8-86B2-13A401B5ADD0}
	EndProjectSection
EndProject
Project("{9A19103F-16F7-4668-BE54-9A1E7A4F7556}") = "SchoolUni.Database", "SchoolUni.Database\SchoolUni.Database.csproj", "{3EE487DF-AE7A-41C8-86B2-13A401B5ADD0}"
EndProject
Project("{9A19103F-16F7-4668-BE54-9A1E7A4F7556}") = "CollegeUni.Utilities", "CollegeUni.Utilities\CollegeUni.Utilities.csproj", "{09F42710-9CCA-40E6-873B-6AE594C96E00}"
EndProject
Project("{2150E333-8FDC-42A3-9474-1A3956D46DE8}") = "Tests", "Tests", "{34E51A34-5B8D-4520-BEDB-B27A38BBD2ED}"
EndProject
Project("{9A19103F-16F7-4668-BE54-9A1E7A4F7556}") = "CollegeUni.Api.Test", "CollegeUni.Api.Test\CollegeUni.Api.Test.csproj", "{A300957C-6E38-4A36-B125-A755F8355D4A}"
	ProjectSection(ProjectDependencies) = postProject
		{09F42710-9CCA-40E6-873B-6AE594C96E00} = {09F42710-9CCA-40E6-873B-6AE594C96E00}
		{259B0176-DEE9-49CE-B549-FAC784BC84E1} = {259B0176-DEE9-49CE-B549-FAC784BC84E1}
		{B754BCA2-7ED8-4618-99F0-0392532F9CEB} = {B754BCA2-7ED8-4618-99F0-0392532F9CEB}
		{3EE487DF-AE7A-41C8-86B2-13A401B5ADD0} = {3EE487DF-AE7A-41C8-86B2-13A401B5ADD0}
	EndProjectSection
EndProject
Project("{2150E333-8FDC-42A3-9474-1A3956D46DE8}") = "src", "src", "{29D88D05-95CB-406E-90A7-9D0A8AD17F3B}"
EndProject
Project("{2150E333-8FDC-42A3-9474-1A3956D46DE8}") = "UnitTests", "UnitTests", "{BDFA2838-95C0-476C-9729-222BAE3A7C39}"
EndProject
Project("{FAE04EC0-301F-11D3-BF4B-00C04F79EFBC}") = "CollegeUni.Test.Core", "CollegeUni.Test.Core\CollegeUni.Test.Core.csproj", "{B754BCA2-7ED8-4618-99F0-0392532F9CEB}"
EndProject
Global
	GlobalSection(SolutionConfigurationPlatforms) = preSolution
		Debug|Any CPU = Debug|Any CPU
		Release|Any CPU = Release|Any CPU
	EndGlobalSection
	GlobalSection(ProjectConfigurationPlatforms) = postSolution
		{259B0176-DEE9-49CE-B549-FAC784BC84E1}.Debug|Any CPU.ActiveCfg = Debug|Any CPU
		{259B0176-DEE9-49CE-B549-FAC784BC84E1}.Debug|Any CPU.Build.0 = Debug|Any CPU
		{259B0176-DEE9-49CE-B549-FAC784BC84E1}.Release|Any CPU.ActiveCfg = Release|Any CPU
		{259B0176-DEE9-49CE-B549-FAC784BC84E1}.Release|Any CPU.Build.0 = Release|Any CPU
		{3EE487DF-AE7A-41C8-86B2-13A401B5ADD0}.Debug|Any CPU.ActiveCfg = Debug|Any CPU
		{3EE487DF-AE7A-41C8-86B2-13A401B5ADD0}.Debug|Any CPU.Build.0 = Debug|Any CPU
		{3EE487DF-AE7A-41C8-86B2-13A401B5ADD0}.Release|Any CPU.ActiveCfg = Release|Any CPU
		{3EE487DF-AE7A-41C8-86B2-13A401B5ADD0}.Release|Any CPU.Build.0 = Release|Any CPU
		{09F42710-9CCA-40E6-873B-6AE594C96E00}.Debug|Any CPU.ActiveCfg = Debug|Any CPU
		{09F42710-9CCA-40E6-873B-6AE594C96E00}.Debug|Any CPU.Build.0 = Debug|Any CPU
		{09F42710-9CCA-40E6-873B-6AE594C96E00}.Release|Any CPU.ActiveCfg = Release|Any CPU
		{09F42710-9CCA-40E6-873B-6AE594C96E00}.Release|Any CPU.Build.0 = Release|Any CPU
		{A300957C-6E38-4A36-B125-A755F8355D4A}.Debug|Any CPU.ActiveCfg = Debug|Any CPU
		{A300957C-6E38-4A36-B125-A755F8355D4A}.Debug|Any CPU.Build.0 = Debug|Any CPU
		{A300957C-6E38-4A36-B125-A755F8355D4A}.Release|Any CPU.ActiveCfg = Release|Any CPU
		{A300957C-6E38-4A36-B125-A755F8355D4A}.Release|Any CPU.Build.0 = Release|Any CPU
		{B754BCA2-7ED8-4618-99F0-0392532F9CEB}.Debug|Any CPU.ActiveCfg = Debug|Any CPU
		{B754BCA2-7ED8-4618-99F0-0392532F9CEB}.Debug|Any CPU.Build.0 = Debug|Any CPU
		{B754BCA2-7ED8-4618-99F0-0392532F9CEB}.Release|Any CPU.ActiveCfg = Release|Any CPU
		{B754BCA2-7ED8-4618-99F0-0392532F9CEB}.Release|Any CPU.Build.0 = Release|Any CPU
	EndGlobalSection
	GlobalSection(SolutionProperties) = preSolution
		HideSolutionNode = FALSE
	EndGlobalSection
	GlobalSection(NestedProjects) = preSolution
		{259B0176-DEE9-49CE-B549-FAC784BC84E1} = {29D88D05-95CB-406E-90A7-9D0A8AD17F3B}
		{3EE487DF-AE7A-41C8-86B2-13A401B5ADD0} = {29D88D05-95CB-406E-90A7-9D0A8AD17F3B}
		{09F42710-9CCA-40E6-873B-6AE594C96E00} = {29D88D05-95CB-406E-90A7-9D0A8AD17F3B}
		{A300957C-6E38-4A36-B125-A755F8355D4A} = {BDFA2838-95C0-476C-9729-222BAE3A7C39}
		{BDFA2838-95C0-476C-9729-222BAE3A7C39} = {34E51A34-5B8D-4520-BEDB-B27A38BBD2ED}
		{B754BCA2-7ED8-4618-99F0-0392532F9CEB} = {BDFA2838-95C0-476C-9729-222BAE3A7C39}
	EndGlobalSection
	GlobalSection(ExtensibilityGlobals) = postSolution
		SolutionGuid = {FFA84847-3AA9-40E6-9EE7-6A36391D3450}
	EndGlobalSection
EndGlobal
